{
  "name": "redmatter",
  "version": "1.0.0",
  "lockfileVersion": 1,
  "requires": true,
  "dependencies": {
    "vue": {
      "version": "2.6.12",
      "resolved": "https://registry.npmjs.org/vue/-/vue-2.6.12.tgz",
      "integrity": "sha512-uhmLFETqPPNyuLLbsKz6ioJ4q7AZHzD8ZVFNATNyICSZouqP2Sz0rotWQC8UNBF6VGSCs5abnKJoStA6JbCbfg=="
    },
    "vuetify": {
      "version": "2.4.4",
      "resolved": "https://registry.npmjs.org/vuetify/-/vuetify-2.4.4.tgz",
      "integrity": "sha512-/4+xX9XbcwXBjrtptDxm5S4NXVaVGF8UJ3U7Nk20fl4aM84PGgGyqVCfi8hVa8t1gd+2Wz4FCztbR7JgJcBIQQ=="
    }
  }
}
